Microsoft Visual Studio Solution File, Format Version 11.00
# Visual Studio 2010
Project("{FAE04EC0-301F-11D3-BF4B-00C04F79EFBC}") = "MyGame Engine", "MyGame Engine\MyGame Engine.csproj", "{138C4746-67DE-4A16-8412-5225F609B537}"
EndProject
Global
	GlobalSection(SolutionConfigurationPlatforms) = preSolution
		Debug|Any CPU = Debug|Any CPU
		Release|Any CPU = Release|Any CPU
	EndGlobalSection
	GlobalSection(ProjectConfigurationPlatforms) = postSolution
		{138C4746-67DE-4A16-8412-5225F609B537}.Debug|Any CPU.ActiveCfg = Debug|Any CPU
		{138C4746-67DE-4A16-8412-5225F609B537}.Debug|Any CPU.Build.0 = Debug|Any CPU
		{138C4746-67DE-4A16-8412-5225F609B537}.Release|Any CPU.ActiveCfg = Release|Any CPU
		{138C4746-67DE-4A16-8412-5225F609B537}.Release|Any CPU.Build.0 = Release|Any CPU
	EndGlobalSection
	GlobalSection(SolutionProperties) = preSolution
		HideSolutionNode = FALSE
	EndGlobalSection
EndGlobal
